// !$*UTF8*$!
{
	archiveVersion = 1;
	classes = {
	};
	objectVersion = 46;
	objects = {

/* Begin PBXBuildFile section */
		850529D11F17B764000E34E2 /* AutopodsPane.h in Headers */ = {isa = PBXBuildFile; fileRef = 850529D01F17B764000E34E2 /* AutopodsPane.h */; };
		850529D31F17B764000E34E2 /* AutopodsPane.m in Sources */ = {isa = PBXBuildFile; fileRef = 850529D21F17B764000E34E2 /* AutopodsPane.m */; };
		850529D51F17B764000E34E2 /* AutopodsPane.tiff in Resources */ = {isa = PBXBuildFile; fileRef = 850529D41F17B764000E34E2 /* AutopodsPane.tiff */; };
		850529D81F17B764000E34E2 /* AutopodsPane.xib in Resources */ = {isa = PBXBuildFile; fileRef = 850529D61F17B764000E34E2 /* AutopodsPane.xib */; };
		850529E01F17B7D8000E34E2 /* Serivces.swift in Sources */ = {isa = PBXBuildFile; fileRef = 85773AC71F167500001B8083 /* Serivces.swift */; };
		850529E11F17B7D8000E34E2 /* PodfilesViewController.swift in Sources */ = {isa = PBXBuildFile; fileRef = 851CD1191F15103A00524C2A /* PodfilesViewController.swift */; };
		850529E21F17B7D8000E34E2 /* ProgressViewController.swift in Sources */ = {isa = PBXBuildFile; fileRef = 85773AD71F175A2D001B8083 /* ProgressViewController.swift */; };
		850529E31F17B7D8000E34E2 /* CoordinatorService.swift in Sources */ = {isa = PBXBuildFile; fileRef = 85773ACB1F1676ED001B8083 /* CoordinatorService.swift */; };
		850529E41F17B7D8000E34E2 /* FileWatchService.swift in Sources */ = {isa = PBXBuildFile; fileRef = 85773AC51F16745C001B8083 /* FileWatchService.swift */; };
		850529E51F17B7D8000E34E2 /* PodfilesService.swift in Sources */ = {isa = PBXBuildFile; fileRef = 85B8BEC21F1525C600B1B4EE /* PodfilesService.swift */; };
		850529E61F17B7D8000E34E2 /* CocoapodsService.swift in Sources */ = {isa = PBXBuildFile; fileRef = 85773AC91F16769E001B8083 /* CocoapodsService.swift */; };
		850529E71F17B7D8000E34E2 /* UIService.swift in Sources */ = {isa = PBXBuildFile; fileRef = 85773AD91F175C02001B8083 /* UIService.swift */; };
		850529E81F17B7D8000E34E2 /* TransparentWindow.swift in Sources */ = {isa = PBXBuildFile; fileRef = 85773AD51F175700001B8083 /* TransparentWindow.swift */; };
		850529E91F17B7D8000E34E2 /* FilesCollectionView.swift in Sources */ = {isa = PBXBuildFile; fileRef = 85B8BEC41F15292000B1B4EE /* FilesCollectionView.swift */; };
		850529EA1F17B7D8000E34E2 /* Podfile.swift in Sources */ = {isa = PBXBuildFile; fileRef = 85B8BEC01F1525BB00B1B4EE /* Podfile.swift */; };
		850529EB1F17B7D8000E34E2 /* ProgressCoordinator.swift in Sources */ = {isa = PBXBuildFile; fileRef = 851553201F17B3C4006389C6 /* ProgressCoordinator.swift */; };
		850529EC1F17B7D8000E34E2 /* ProcessProgress.swift in Sources */ = {isa = PBXBuildFile; fileRef = 851553221F17B417006389C6 /* ProcessProgress.swift */; };
		850529ED1F17B7D8000E34E2 /* ListLayout.swift in Sources */ = {isa = PBXBuildFile; fileRef = 85B8BEBE1F151C1300B1B4EE /* ListLayout.swift */; };
		850529EE1F17B7D8000E34E2 /* FileWatcher.swift in Sources */ = {isa = PBXBuildFile; fileRef = 85773AC31F1672AA001B8083 /* FileWatcher.swift */; };
		850529EF1F17B7D8000E34E2 /* FileWatch.swift in Sources */ = {isa = PBXBuildFile; fileRef = 85773ACD1F167B06001B8083 /* FileWatch.swift */; };
		850529F01F17B7D8000E34E2 /* Math.swift in Sources */ = {isa = PBXBuildFile; fileRef = 85773ADB1F179021001B8083 /* Math.swift */; };
		850529F11F17B7D8000E34E2 /* CocoapodViewItem.xib in Resources */ = {isa = PBXBuildFile; fileRef = 85B8BEBC1F15193600B1B4EE /* CocoapodViewItem.xib */; };
		850529F21F17B7D8000E34E2 /* CocoapodViewItem.swift in Sources */ = {isa = PBXBuildFile; fileRef = 85B8BEBA1F15145800B1B4EE /* CocoapodViewItem.swift */; };
		850529F31F17B7D8000E34E2 /* ClosedRange+At.swift in Sources */ = {isa = PBXBuildFile; fileRef = 85773ADD1F17A832001B8083 /* ClosedRange+At.swift */; };
		850529F41F17B7D8000E34E2 /* NSWindow+Fade.swift in Sources */ = {isa = PBXBuildFile; fileRef = 8515531E1F17AD10006389C6 /* NSWindow+Fade.swift */; };
		850529F61F17BAC7000E34E2 /* PodfilesPreferencesController.swift in Sources */ = {isa = PBXBuildFile; fileRef = 850529F51F17BAC7000E34E2 /* PodfilesPreferencesController.swift */; };
		850529F91F17BC54000E34E2 /* Progress.storyboard in Resources */ = {isa = PBXBuildFile; fileRef = 850529F81F17BC54000E34E2 /* Progress.storyboard */; };
		8505E9FC1FCEB5700066D14B /* Storyboard+Names.swift in Sources */ = {isa = PBXBuildFile; fileRef = 8505E9FB1FCEB5700066D14B /* Storyboard+Names.swift */; };
		8505EC0F204E898B001BE4A8 /* LoggingProcess.swift in Sources */ = {isa = PBXBuildFile; fileRef = 8505EC0E204E898B001BE4A8 /* LoggingProcess.swift */; };
		8505EC13204ED2D0001BE4A8 /* OpenTerminal.applescript in Resources */ = {isa = PBXBuildFile; fileRef = 8505EC12204ED2C2001BE4A8 /* OpenTerminal.applescript */; };
		8505EC15204EF1D0001BE4A8 /* Repository.swift in Sources */ = {isa = PBXBuildFile; fileRef = 8505EC14204EF1D0001BE4A8 /* Repository.swift */; };
		8505EC17204EF3FB001BE4A8 /* BlockMenuItem.swift in Sources */ = {isa = PBXBuildFile; fileRef = 8505EC16204EF3FB001BE4A8 /* BlockMenuItem.swift */; };
		8515531F1F17AD10006389C6 /* NSWindow+Fade.swift in Sources */ = {isa = PBXBuildFile; fileRef = 8515531E1F17AD10006389C6 /* NSWindow+Fade.swift */; };
		851553211F17B3C4006389C6 /* ProgressCoordinator.swift in Sources */ = {isa = PBXBuildFile; fileRef = 851553201F17B3C4006389C6 /* ProgressCoordinator.swift */; };
		851553231F17B417006389C6 /* ProcessProgress.swift in Sources */ = {isa = PBXBuildFile; fileRef = 851553221F17B417006389C6 /* ProcessProgress.swift */; };
		851CD1181F15103A00524C2A /* AppDelegate.swift in Sources */ = {isa = PBXBuildFile; fileRef = 851CD1171F15103A00524C2A /* AppDelegate.swift */; };
		851CD11A1F15103A00524C2A /* PodfilesViewController.swift in Sources */ = {isa = PBXBuildFile; fileRef = 851CD1191F15103A00524C2A /* PodfilesViewController.swift */; };
		851CD11C1F15103A00524C2A /* Assets.xcassets in Resources */ = {isa = PBXBuildFile; fileRef = 851CD11B1F15103A00524C2A /* Assets.xcassets */; };
		851CD11F1F15103A00524C2A /* Main.storyboard in Resources */ = {isa = PBXBuildFile; fileRef = 851CD11D1F15103A00524C2A /* Main.storyboard */; };
		852081B1214AA2F300D2521E /* NSWindow+Position.swift in Sources */ = {isa = PBXBuildFile; fileRef = 852081B0214AA2F300D2521E /* NSWindow+Position.swift */; };
		8520B5851F17C92E009D6910 /* Autopods.app in Resources */ = {isa = PBXBuildFile; fileRef = 851CD1141F15103A00524C2A /* Autopods.app */; };
		8520B5871F17CF25009D6910 /* ConfigurationService.swift in Sources */ = {isa = PBXBuildFile; fileRef = 8520B5861F17CF25009D6910 /* ConfigurationService.swift */; };
		8520B5881F17D0AF009D6910 /* ConfigurationService.swift in Sources */ = {isa = PBXBuildFile; fileRef = 8520B5861F17CF25009D6910 /* ConfigurationService.swift */; };
		85768AF51FCF1329008A1A96 /* Progress.swift in Sources */ = {isa = PBXBuildFile; fileRef = 85768AF41FCF1329008A1A96 /* Progress.swift */; };
		85773AC41F1672AA001B8083 /* FileWatcher.swift in Sources */ = {isa = PBXBuildFile; fileRef = 85773AC31F1672AA001B8083 /* FileWatcher.swift */; };
		85773AC61F16745C001B8083 /* FileWatchService.swift in Sources */ = {isa = PBXBuildFile; fileRef = 85773AC51F16745C001B8083 /* FileWatchService.swift */; };
		85773AC81F167500001B8083 /* Serivces.swift in Sources */ = {isa = PBXBuildFile; fileRef = 85773AC71F167500001B8083 /* Serivces.swift */; };
		85773ACA1F16769E001B8083 /* CocoapodsService.swift in Sources */ = {isa = PBXBuildFile; fileRef = 85773AC91F16769E001B8083 /* CocoapodsService.swift */; };
		85773ACC1F1676ED001B8083 /* CoordinatorService.swift in Sources */ = {isa = PBXBuildFile; fileRef = 85773ACB1F1676ED001B8083 /* CoordinatorService.swift */; };
		85773ACE1F167B06001B8083 /* FileWatch.swift in Sources */ = {isa = PBXBuildFile; fileRef = 85773ACD1F167B06001B8083 /* FileWatch.swift */; };
		85773AD61F175700001B8083 /* TransparentWindow.swift in Sources */ = {isa = PBXBuildFile; fileRef = 85773AD51F175700001B8083 /* TransparentWindow.swift */; };
		85773AD81F175A2D001B8083 /* ProgressViewController.swift in Sources */ = {isa = PBXBuildFile; fileRef = 85773AD71F175A2D001B8083 /* ProgressViewController.swift */; };
		85773ADA1F175C02001B8083 /* UIService.swift in Sources */ = {isa = PBXBuildFile; fileRef = 85773AD91F175C02001B8083 /* UIService.swift */; };
		85773ADC1F179022001B8083 /* Math.swift in Sources */ = {isa = PBXBuildFile; fileRef = 85773ADB1F179021001B8083 /* Math.swift */; };
		85773ADE1F17A832001B8083 /* ClosedRange+At.swift in Sources */ = {isa = PBXBuildFile; fileRef = 85773ADD1F17A832001B8083 /* ClosedRange+At.swift */; };
		8585D3AC21345B1200495190 /* CocoapodsProcess.swift in Sources */ = {isa = PBXBuildFile; fileRef = 8585D3AB21345B1200495190 /* CocoapodsProcess.swift */; };
		85B8BEBB1F15145800B1B4EE /* CocoapodViewItem.swift in Sources */ = {isa = PBXBuildFile; fileRef = 85B8BEBA1F15145800B1B4EE /* CocoapodViewItem.swift */; };
		85B8BEBD1F15193600B1B4EE /* CocoapodViewItem.xib in Resources */ = {isa = PBXBuildFile; fileRef = 85B8BEBC1F15193600B1B4EE /* CocoapodViewItem.xib */; };
		85B8BEBF1F151C1300B1B4EE /* ListLayout.swift in Sources */ = {isa = PBXBuildFile; fileRef = 85B8BEBE1F151C1300B1B4EE /* ListLayout.swift */; };
		85B8BEC11F1525BB00B1B4EE /* Podfile.swift in Sources */ = {isa = PBXBuildFile; fileRef = 85B8BEC01F1525BB00B1B4EE /* Podfile.swift */; };
		85B8BEC31F1525C600B1B4EE /* PodfilesService.swift in Sources */ = {isa = PBXBuildFile; fileRef = 85B8BEC21F1525C600B1B4EE /* PodfilesService.swift */; };
		85B8BEC51F15292000B1B4EE /* FilesCollectionView.swift in Sources */ = {isa = PBXBuildFile; fileRef = 85B8BEC41F15292000B1B4EE /* FilesCollectionView.swift */; };
/* End PBXBuildFile section */

/* Begin PBXFileReference section */
		850529CE1F17B764000E34E2 /* AutopodsPane.prefPane */ = {isa = PBXFileReference; explicitFileType = wrapper.cfbundle; includeInIndex = 0; path = AutopodsPane.prefPane; sourceTree = BUILT_PRODUCTS_DIR; };
		850529D01F17B764000E34E2 /* AutopodsPane.h */ = {isa = PBXFileReference; lastKnownFileType = sourcecode.c.h; path = AutopodsPane.h; sourceTree = "<group>"; };
		850529D21F17B764000E34E2 /* AutopodsPane.m */ = {isa = PBXFileReference; lastKnownFileType = sourcecode.c.objc; path = AutopodsPane.m; sourceTree = "<group>"; };
		850529D41F17B764000E34E2 /* AutopodsPane.tiff */ = {isa = PBXFileReference; lastKnownFileType = image.tiff; path = AutopodsPane.tiff; sourceTree = "<group>"; };
		850529D71F17B764000E34E2 /* Base */ = {isa = PBXFileReference; lastKnownFileType = file.xib; name = Base; path = Base.lproj/AutopodsPane.xib; sourceTree = "<group>"; };
		850529D91F17B764000E34E2 /* Info.plist */ = {isa = PBXFileReference; lastKnownFileType = text.plist.xml; path = Info.plist; sourceTree = "<group>"; };
		850529DD1F17B784000E34E2 /* AutopodsPane-Bridging-Header.h */ = {isa = PBXFileReference; lastKnownFileType = sourcecode.c.h; path = "AutopodsPane-Bridging-Header.h"; sourceTree = "<group>"; };
		850529F51F17BAC7000E34E2 /* PodfilesPreferencesController.swift */ = {isa = PBXFileReference; lastKnownFileType = sourcecode.swift; path = PodfilesPreferencesController.swift; sourceTree = "<group>"; };
		850529F81F17BC54000E34E2 /* Progress.storyboard */ = {isa = PBXFileReference; fileEncoding = 4; lastKnownFileType = file.storyboard; path = Progress.storyboard; sourceTree = "<group>"; };
		8505E9FB1FCEB5700066D14B /* Storyboard+Names.swift */ = {isa = PBXFileReference; lastKnownFileType = sourcecode.swift; path = "Storyboard+Names.swift"; sourceTree = "<group>"; };
		8505EC0E204E898B001BE4A8 /* LoggingProcess.swift */ = {isa = PBXFileReference; lastKnownFileType = sourcecode.swift; path = LoggingProcess.swift; sourceTree = "<group>"; };
		8505EC12204ED2C2001BE4A8 /* OpenTerminal.applescript */ = {isa = PBXFileReference; lastKnownFileType = sourcecode.applescript; path = OpenTerminal.applescript; sourceTree = "<group>"; };
		8505EC14204EF1D0001BE4A8 /* Repository.swift */ = {isa = PBXFileReference; lastKnownFileType = sourcecode.swift; path = Repository.swift; sourceTree = "<group>"; };
		8505EC16204EF3FB001BE4A8 /* BlockMenuItem.swift */ = {isa = PBXFileReference; lastKnownFileType = sourcecode.swift; path = BlockMenuItem.swift; sourceTree = "<group>"; };
		8515531E1F17AD10006389C6 /* NSWindow+Fade.swift */ = {isa = PBXFileReference; lastKnownFileType = sourcecode.swift; path = "NSWindow+Fade.swift"; sourceTree = "<group>"; };
		851553201F17B3C4006389C6 /* ProgressCoordinator.swift */ = {isa = PBXFileReference; lastKnownFileType = sourcecode.swift; path = ProgressCoordinator.swift; sourceTree = "<group>"; };
		851553221F17B417006389C6 /* ProcessProgress.swift */ = {isa = PBXFileReference; lastKnownFileType = sourcecode.swift; path = ProcessProgress.swift; sourceTree = "<group>"; };
		851CD1141F15103A00524C2A /* Autopods.app */ = {isa = PBXFileReference; explicitFileType = wrapper.application; includeInIndex = 0; path = Autopods.app; sourceTree = BUILT_PRODUCTS_DIR; };
		851CD1171F15103A00524C2A /* AppDelegate.swift */ = {isa = PBXFileReference; lastKnownFileType = sourcecode.swift; path = AppDelegate.swift; sourceTree = "<group>"; };
		851CD1191F15103A00524C2A /* PodfilesViewController.swift */ = {isa = PBXFileReference; lastKnownFileType = sourcecode.swift; path = PodfilesViewController.swift; sourceTree = "<group>"; };
		851CD11B1F15103A00524C2A /* Assets.xcassets */ = {isa = PBXFileReference; lastKnownFileType = folder.assetcatalog; path = Assets.xcassets; sourceTree = "<group>"; };
		851CD11E1F15103A00524C2A /* Base */ = {isa = PBXFileReference; lastKnownFileType = file.storyboard; name = Base; path = Base.lproj/Main.storyboard; sourceTree = "<group>"; };
		851CD1201F15103A00524C2A /* Info.plist */ = {isa = PBXFileReference; lastKnownFileType = text.plist.xml; path = Info.plist; sourceTree = "<group>"; };
		852081B0214AA2F300D2521E /* NSWindow+Position.swift */ = {isa = PBXFileReference; lastKnownFileType = sourcecode.swift; path = "NSWindow+Position.swift"; sourceTree = "<group>"; };
		8520B5861F17CF25009D6910 /* ConfigurationService.swift */ = {isa = PBXFileReference; lastKnownFileType = sourcecode.swift; path = ConfigurationService.swift; sourceTree = "<group>"; };
		85768AF41FCF1329008A1A96 /* Progress.swift */ = {isa = PBXFileReference; lastKnownFileType = sourcecode.swift; path = Progress.swift; sourceTree = "<group>"; };
		85773AC31F1672AA001B8083 /* FileWatcher.swift */ = {isa = PBXFileReference; lastKnownFileType = sourcecode.swift; path = FileWatcher.swift; sourceTree = "<group>"; };
		85773AC51F16745C001B8083 /* FileWatchService.swift */ = {isa = PBXFileReference; lastKnownFileType = sourcecode.swift; path = FileWatchService.swift; sourceTree = "<group>"; };
		85773AC71F167500001B8083 /* Serivces.swift */ = {isa = PBXFileReference; lastKnownFileType = sourcecode.swift; path = Serivces.swift; sourceTree = "<group>"; };
		85773AC91F16769E001B8083 /* CocoapodsService.swift */ = {isa = PBXFileReference; lastKnownFileType = sourcecode.swift; path = CocoapodsService.swift; sourceTree = "<group>"; };
		85773ACB1F1676ED001B8083 /* CoordinatorService.swift */ = {isa = PBXFileReference; lastKnownFileType = sourcecode.swift; path = CoordinatorService.swift; sourceTree = "<group>"; };
		85773ACD1F167B06001B8083 /* FileWatch.swift */ = {isa = PBXFileReference; fileEncoding = 4; lastKnownFileType = sourcecode.swift; path = FileWatch.swift; sourceTree = "<group>"; };
		85773AD51F175700001B8083 /* TransparentWindow.swift */ = {isa = PBXFileReference; fileEncoding = 4; lastKnownFileType = sourcecode.swift; path = TransparentWindow.swift; sourceTree = "<group>"; };
		85773AD71F175A2D001B8083 /* ProgressViewController.swift */ = {isa = PBXFileReference; lastKnownFileType = sourcecode.swift; path = ProgressViewController.swift; sourceTree = "<group>"; };
		85773AD91F175C02001B8083 /* UIService.swift */ = {isa = PBXFileReference; lastKnownFileType = sourcecode.swift; path = UIService.swift; sourceTree = "<group>"; };
		85773ADB1F179021001B8083 /* Math.swift */ = {isa = PBXFileReference; lastKnownFileType = sourcecode.swift; path = Math.swift; sourceTree = "<group>"; };
		85773ADD1F17A832001B8083 /* ClosedRange+At.swift */ = {isa = PBXFileReference; lastKnownFileType = sourcecode.swift; path = "ClosedRange+At.swift"; sourceTree = "<group>"; };
		8585D3AB21345B1200495190 /* CocoapodsProcess.swift */ = {isa = PBXFileReference; lastKnownFileType = sourcecode.swift; path = CocoapodsProcess.swift; sourceTree = "<group>"; };
		85B8BEBA1F15145800B1B4EE /* CocoapodViewItem.swift */ = {isa = PBXFileReference; lastKnownFileType = sourcecode.swift; path = CocoapodViewItem.swift; sourceTree = "<group>"; };
		85B8BEBC1F15193600B1B4EE /* CocoapodViewItem.xib */ = {isa = PBXFileReference; lastKnownFileType = file.xib; path = CocoapodViewItem.xib; sourceTree = "<group>"; };
		85B8BEBE1F151C1300B1B4EE /* ListLayout.swift */ = {isa = PBXFileReference; lastKnownFileType = sourcecode.swift; path = ListLayout.swift; sourceTree = "<group>"; };
		85B8BEC01F1525BB00B1B4EE /* Podfile.swift */ = {isa = PBXFileReference; lastKnownFileType = sourcecode.swift; path = Podfile.swift; sourceTree = "<group>"; };
		85B8BEC21F1525C600B1B4EE /* PodfilesService.swift */ = {isa = PBXFileReference; lastKnownFileType = sourcecode.swift; path = PodfilesService.swift; sourceTree = "<group>"; };
		85B8BEC41F15292000B1B4EE /* FilesCollectionView.swift */ = {isa = PBXFileReference; lastKnownFileType = sourcecode.swift; path = FilesCollectionView.swift; sourceTree = "<group>"; };
/* End PBXFileReference section */

/* Begin PBXFrameworksBuildPhase section */
		850529CA1F17B764000E34E2 /* Frameworks */ = {
			isa = PBXFrameworksBuildPhase;
			buildActionMask = 2147483647;
			files = (
			);
			runOnlyForDeploymentPostprocessing = 0;
		};
		851CD1111F15103A00524C2A /* Frameworks */ = {
			isa = PBXFrameworksBuildPhase;
			buildActionMask = 2147483647;
			files = (
			);
			runOnlyForDeploymentPostprocessing = 0;
		};
/* End PBXFrameworksBuildPhase section */

/* Begin PBXGroup section */
		850529CF1F17B764000E34E2 /* AutopodsPane */ = {
			isa = PBXGroup;
			children = (
				850529D01F17B764000E34E2 /* AutopodsPane.h */,
				850529D21F17B764000E34E2 /* AutopodsPane.m */,
				850529D41F17B764000E34E2 /* AutopodsPane.tiff */,
				850529D61F17B764000E34E2 /* AutopodsPane.xib */,
				850529D91F17B764000E34E2 /* Info.plist */,
				850529DD1F17B784000E34E2 /* AutopodsPane-Bridging-Header.h */,
				850529F51F17BAC7000E34E2 /* PodfilesPreferencesController.swift */,
			);
			path = AutopodsPane;
			sourceTree = "<group>";
		};
		8505EC10204ECFA9001BE4A8 /* Scripts */ = {
			isa = PBXGroup;
			children = (
				8505EC12204ED2C2001BE4A8 /* OpenTerminal.applescript */,
			);
			path = Scripts;
			sourceTree = "<group>";
		};
		851CD10B1F15103A00524C2A = {
			isa = PBXGroup;
			children = (
				851CD1161F15103A00524C2A /* Autopods */,
				850529CF1F17B764000E34E2 /* AutopodsPane */,
				851CD1151F15103A00524C2A /* Products */,
			);
			sourceTree = "<group>";
		};
		851CD1151F15103A00524C2A /* Products */ = {
			isa = PBXGroup;
			children = (
				851CD1141F15103A00524C2A /* Autopods.app */,
				850529CE1F17B764000E34E2 /* AutopodsPane.prefPane */,
			);
			name = Products;
			sourceTree = "<group>";
		};
		851CD1161F15103A00524C2A /* Autopods */ = {
			isa = PBXGroup;
			children = (
				8505EC10204ECFA9001BE4A8 /* Scripts */,
				851CD1171F15103A00524C2A /* AppDelegate.swift */,
				85773AC71F167500001B8083 /* Serivces.swift */,
				85773AD11F17554A001B8083 /* Controller */,
				85773ACF1F175518001B8083 /* Services */,
				85773AD41F1755A5001B8083 /* Views */,
				85773AD01F175540001B8083 /* Models */,
				85773AD21F17556C001B8083 /* Utilities */,
				85773AD31F175591001B8083 /* Cells */,
				85773ADF1F17A845001B8083 /* Extensions */,
				851CD11B1F15103A00524C2A /* Assets.xcassets */,
				851CD11D1F15103A00524C2A /* Main.storyboard */,
				850529F81F17BC54000E34E2 /* Progress.storyboard */,
				851CD1201F15103A00524C2A /* Info.plist */,
			);
			path = Autopods;
			sourceTree = "<group>";
		};
		85773ACF1F175518001B8083 /* Services */ = {
			isa = PBXGroup;
			children = (
				85773ACB1F1676ED001B8083 /* CoordinatorService.swift */,
				85773AC51F16745C001B8083 /* FileWatchService.swift */,
				8520B5861F17CF25009D6910 /* ConfigurationService.swift */,
				85B8BEC21F1525C600B1B4EE /* PodfilesService.swift */,
				85773AC91F16769E001B8083 /* CocoapodsService.swift */,
				85773AD91F175C02001B8083 /* UIService.swift */,
			);
			path = Services;
			sourceTree = "<group>";
		};
		85773AD01F175540001B8083 /* Models */ = {
			isa = PBXGroup;
			children = (
				85B8BEC01F1525BB00B1B4EE /* Podfile.swift */,
			);
			path = Models;
			sourceTree = "<group>";
		};
		85773AD11F17554A001B8083 /* Controller */ = {
			isa = PBXGroup;
			children = (
				851CD1191F15103A00524C2A /* PodfilesViewController.swift */,
				85773AD71F175A2D001B8083 /* ProgressViewController.swift */,
			);
			path = Controller;
			sourceTree = "<group>";
		};
		85773AD21F17556C001B8083 /* Utilities */ = {
			isa = PBXGroup;
			children = (
				851553201F17B3C4006389C6 /* ProgressCoordinator.swift */,
				851553221F17B417006389C6 /* ProcessProgress.swift */,
				85B8BEBE1F151C1300B1B4EE /* ListLayout.swift */,
				85773AC31F1672AA001B8083 /* FileWatcher.swift */,
				85773ACD1F167B06001B8083 /* FileWatch.swift */,
				85773ADB1F179021001B8083 /* Math.swift */,
				85768AF41FCF1329008A1A96 /* Progress.swift */,
				8505EC0E204E898B001BE4A8 /* LoggingProcess.swift */,
				8585D3AB21345B1200495190 /* CocoapodsProcess.swift */,
				8505EC14204EF1D0001BE4A8 /* Repository.swift */,
				8505EC16204EF3FB001BE4A8 /* BlockMenuItem.swift */,
			);
			path = Utilities;
			sourceTree = "<group>";
		};
		85773AD31F175591001B8083 /* Cells */ = {
			isa = PBXGroup;
			children = (
				85B8BEBC1F15193600B1B4EE /* CocoapodViewItem.xib */,
				85B8BEBA1F15145800B1B4EE /* CocoapodViewItem.swift */,
			);
			path = Cells;
			sourceTree = "<group>";
		};
		85773AD41F1755A5001B8083 /* Views */ = {
			isa = PBXGroup;
			children = (
				85773AD51F175700001B8083 /* TransparentWindow.swift */,
				85B8BEC41F15292000B1B4EE /* FilesCollectionView.swift */,
			);
			path = Views;
			sourceTree = "<group>";
		};
		85773ADF1F17A845001B8083 /* Extensions */ = {
			isa = PBXGroup;
			children = (
				85773ADD1F17A832001B8083 /* ClosedRange+At.swift */,
				8515531E1F17AD10006389C6 /* NSWindow+Fade.swift */,
				8505E9FB1FCEB5700066D14B /* Storyboard+Names.swift */,
				852081B0214AA2F300D2521E /* NSWindow+Position.swift */,
			);
			path = Extensions;
			sourceTree = "<group>";
		};
/* End PBXGroup section */

/* Begin PBXHeadersBuildPhase section */
		850529CB1F17B764000E34E2 /* Headers */ = {
			isa = PBXHeadersBuildPhase;
			buildActionMask = 2147483647;
			files = (
				850529D11F17B764000E34E2 /* AutopodsPane.h in Headers */,
			);
			runOnlyForDeploymentPostprocessing = 0;
		};
/* End PBXHeadersBuildPhase section */

/* Begin PBXNativeTarget section */
		850529CD1F17B764000E34E2 /* AutopodsPane */ = {
			isa = PBXNativeTarget;
			buildConfigurationList = 850529DC1F17B764000E34E2 /* Build configuration list for PBXNativeTarget "AutopodsPane" */;
			buildPhases = (
				850529C91F17B764000E34E2 /* Sources */,
				850529CA1F17B764000E34E2 /* Frameworks */,
				850529CB1F17B764000E34E2 /* Headers */,
				850529CC1F17B764000E34E2 /* Resources */,
			);
			buildRules = (
			);
			dependencies = (
			);
			name = AutopodsPane;
			productName = CocoapodsPane;
			productReference = 850529CE1F17B764000E34E2 /* AutopodsPane.prefPane */;
			productType = "com.apple.product-type.bundle";
		};
		851CD1131F15103A00524C2A /* Autopods */ = {
			isa = PBXNativeTarget;
			buildConfigurationList = 851CD1231F15103A00524C2A /* Build configuration list for PBXNativeTarget "Autopods" */;
			buildPhases = (
				851CD1101F15103A00524C2A /* Sources */,
				851CD1111F15103A00524C2A /* Frameworks */,
				851CD1121F15103A00524C2A /* Resources */,
			);
			buildRules = (
			);
			dependencies = (
			);
			name = Autopods;
			productName = Cocoapods;
			productReference = 851CD1141F15103A00524C2A /* Autopods.app */;
			productType = "com.apple.product-type.application";
		};
/* End PBXNativeTarget section */

/* Begin PBXProject section */
		851CD10C1F15103A00524C2A /* Project object */ = {
			isa = PBXProject;
			attributes = {
				LastSwiftUpdateCheck = 0830;
				LastUpgradeCheck = 0830;
				ORGANIZATIONNAME = piay;
				TargetAttributes = {
					850529CD1F17B764000E34E2 = {
						CreatedOnToolsVersion = 9.0;
						DevelopmentTeam = 3DZ38T823P;
						LastSwiftMigration = 0900;
					};
					851CD1131F15103A00524C2A = {
						CreatedOnToolsVersion = 8.3.3;
						DevelopmentTeam = 3DZ38T823P;
						ProvisioningStyle = Automatic;
					};
				};
			};
			buildConfigurationList = 851CD10F1F15103A00524C2A /* Build configuration list for PBXProject "Autopods" */;
			compatibilityVersion = "Xcode 3.2";
			developmentRegion = English;
			hasScannedForEncodings = 0;
			knownRegions = (
				en,
				Base,
			);
			mainGroup = 851CD10B1F15103A00524C2A;
			productRefGroup = 851CD1151F15103A00524C2A /* Products */;
			projectDirPath = "";
			projectRoot = "";
			targets = (
				851CD1131F15103A00524C2A /* Autopods */,
				850529CD1F17B764000E34E2 /* AutopodsPane */,
			);
		};
/* End PBXProject section */

/* Begin PBXResourcesBuildPhase section */
		850529CC1F17B764000E34E2 /* Resources */ = {
			isa = PBXResourcesBuildPhase;
			buildActionMask = 2147483647;
			files = (
				8520B5851F17C92E009D6910 /* Autopods.app in Resources */,
				850529F11F17B7D8000E34E2 /* CocoapodViewItem.xib in Resources */,
				850529D51F17B764000E34E2 /* AutopodsPane.tiff in Resources */,
				850529D81F17B764000E34E2 /* AutopodsPane.xib in Resources */,
			);
			runOnlyForDeploymentPostprocessing = 0;
		};
		851CD1121F15103A00524C2A /* Resources */ = {
			isa = PBXResourcesBuildPhase;
			buildActionMask = 2147483647;
			files = (
				85B8BEBD1F15193600B1B4EE /* CocoapodViewItem.xib in Resources */,
				851CD11C1F15103A00524C2A /* Assets.xcassets in Resources */,
				8505EC13204ED2D0001BE4A8 /* OpenTerminal.applescript in Resources */,
				851CD11F1F15103A00524C2A /* Main.storyboard in Resources */,
				850529F91F17BC54000E34E2 /* Progress.storyboard in Resources */,
			);
			runOnlyForDeploymentPostprocessing = 0;
		};
/* End PBXResourcesBuildPhase section */

/* Begin PBXSourcesBuildPhase section */
		850529C91F17B764000E34E2 /* Sources */ = {
			isa = PBXSourcesBuildPhase;
			buildActionMask = 2147483647;
			files = (
				850529EA1F17B7D8000E34E2 /* Podfile.swift in Sources */,
				850529EC1F17B7D8000E34E2 /* ProcessProgress.swift in Sources */,
				850529E21F17B7D8000E34E2 /* ProgressViewController.swift in Sources */,
				8520B5881F17D0AF009D6910 /* ConfigurationService.swift in Sources */,
				850529E11F17B7D8000E34E2 /* PodfilesViewController.swift in Sources */,
				850529D31F17B764000E34E2 /* AutopodsPane.m in Sources */,
				850529ED1F17B7D8000E34E2 /* ListLayout.swift in Sources */,
				850529EE1F17B7D8000E34E2 /* FileWatcher.swift in Sources */,
				850529E41F17B7D8000E34E2 /* FileWatchService.swift in Sources */,
				850529E61F17B7D8000E34E2 /* CocoapodsService.swift in Sources */,
				850529F41F17B7D8000E34E2 /* NSWindow+Fade.swift in Sources */,
				850529EB1F17B7D8000E34E2 /* ProgressCoordinator.swift in Sources */,
				850529F21F17B7D8000E34E2 /* CocoapodViewItem.swift in Sources */,
				850529E31F17B7D8000E34E2 /* CoordinatorService.swift in Sources */,
				850529E71F17B7D8000E34E2 /* UIService.swift in Sources */,
				850529F31F17B7D8000E34E2 /* ClosedRange+At.swift in Sources */,
				850529E01F17B7D8000E34E2 /* Serivces.swift in Sources */,
				850529F01F17B7D8000E34E2 /* Math.swift in Sources */,
				850529E51F17B7D8000E34E2 /* PodfilesService.swift in Sources */,
				850529E91F17B7D8000E34E2 /* FilesCollectionView.swift in Sources */,
				850529E81F17B7D8000E34E2 /* TransparentWindow.swift in Sources */,
				850529F61F17BAC7000E34E2 /* PodfilesPreferencesController.swift in Sources */,
				850529EF1F17B7D8000E34E2 /* FileWatch.swift in Sources */,
			);
			runOnlyForDeploymentPostprocessing = 0;
		};
		851CD1101F15103A00524C2A /* Sources */ = {
			isa = PBXSourcesBuildPhase;
			buildActionMask = 2147483647;
			files = (
				85773AD81F175A2D001B8083 /* ProgressViewController.swift in Sources */,
				851553231F17B417006389C6 /* ProcessProgress.swift in Sources */,
				85B8BEBB1F15145800B1B4EE /* CocoapodViewItem.swift in Sources */,
				8505EC15204EF1D0001BE4A8 /* Repository.swift in Sources */,
				85B8BEC51F15292000B1B4EE /* FilesCollectionView.swift in Sources */,
				85B8BEC11F1525BB00B1B4EE /* Podfile.swift in Sources */,
				85B8BEBF1F151C1300B1B4EE /* ListLayout.swift in Sources */,
				85768AF51FCF1329008A1A96 /* Progress.swift in Sources */,
				851CD11A1F15103A00524C2A /* PodfilesViewController.swift in Sources */,
				85773ACA1F16769E001B8083 /* CocoapodsService.swift in Sources */,
				85773AC41F1672AA001B8083 /* FileWatcher.swift in Sources */,
				851CD1181F15103A00524C2A /* AppDelegate.swift in Sources */,
				8515531F1F17AD10006389C6 /* NSWindow+Fade.swift in Sources */,
				85773ADA1F175C02001B8083 /* UIService.swift in Sources */,
				85773ADC1F179022001B8083 /* Math.swift in Sources */,
				8585D3AC21345B1200495190 /* CocoapodsProcess.swift in Sources */,
				85773AD61F175700001B8083 /* TransparentWindow.swift in Sources */,
				8505EC17204EF3FB001BE4A8 /* BlockMenuItem.swift in Sources */,
				8520B5871F17CF25009D6910 /* ConfigurationService.swift in Sources */,
				85773AC81F167500001B8083 /* Serivces.swift in Sources */,
				85773ACE1F167B06001B8083 /* FileWatch.swift in Sources */,
				85773ADE1F17A832001B8083 /* ClosedRange+At.swift in Sources */,
				852081B1214AA2F300D2521E /* NSWindow+Position.swift in Sources */,
				85B8BEC31F1525C600B1B4EE /* PodfilesService.swift in Sources */,
				851553211F17B3C4006389C6 /* ProgressCoordinator.swift in Sources */,
				8505EC0F204E898B001BE4A8 /* LoggingProcess.swift in Sources */,
				8505E9FC1FCEB5700066D14B /* Storyboard+Names.swift in Sources */,
				85773AC61F16745C001B8083 /* FileWatchService.swift in Sources */,
				85773ACC1F1676ED001B8083 /* CoordinatorService.swift in Sources */,
			);
			runOnlyForDeploymentPostprocessing = 0;
		};
/* End PBXSourcesBuildPhase section */

/* Begin PBXVariantGroup section */
		850529D61F17B764000E34E2 /* AutopodsPane.xib */ = {
			isa = PBXVariantGroup;
			children = (
				850529D71F17B764000E34E2 /* Base */,
			);
			name = AutopodsPane.xib;
			sourceTree = "<group>";
		};
		851CD11D1F15103A00524C2A /* Main.storyboard */ = {
			isa = PBXVariantGroup;
			children = (
				851CD11E1F15103A00524C2A /* Base */,
			);
			name = Main.storyboard;
			sourceTree = "<group>";
		};
/* End PBXVariantGroup section */

/* Begin XCBuildConfiguration section */
		850529DA1F17B764000E34E2 /* Debug */ = {
			isa = XCBuildConfiguration;
			buildSettings = {
				ALWAYS_EMBED_SWIFT_STANDARD_LIBRARIES = YES;
				CLANG_CXX_LANGUAGE_STANDARD = "gnu++14";
				CLANG_ENABLE_MODULES = YES;
				CLANG_WARN_BLOCK_CAPTURE_AUTORELEASING = YES;
				CLANG_WARN_COMMA = YES;
				CLANG_WARN_NON_LITERAL_NULL_CONVERSION = YES;
				CLANG_WARN_OBJC_LITERAL_CONVERSION = YES;
				CLANG_WARN_RANGE_LOOP_ANALYSIS = YES;
				CLANG_WARN_STRICT_PROTOTYPES = YES;
				CLANG_WARN_UNGUARDED_AVAILABILITY = YES_AGGRESSIVE;
				CODE_SIGN_IDENTITY = "Mac Developer";
				COMBINE_HIDPI_IMAGES = YES;
				DEVELOPMENT_TEAM = 3DZ38T823P;
				GCC_C_LANGUAGE_STANDARD = gnu11;
				INFOPLIST_FILE = "$(SRCROOT)/AutopodsPane/Info.plist";
				INSTALL_PATH = "$(HOME)/Library/PreferencePanes";
				LD_RUNPATH_SEARCH_PATHS = "$(inherited) @executable_path/../Frameworks @loader_path/../Frameworks";
				PRODUCT_BUNDLE_IDENTIFIER = de.piay.CocoapodsPane;
				PRODUCT_NAME = "$(TARGET_NAME)";
				SWIFT_OBJC_BRIDGING_HEADER = "AutopodsPane/AutopodsPane-Bridging-Header.h";
				SWIFT_OPTIMIZATION_LEVEL = "-Onone";
				SWIFT_VERSION = 4.0;
				WRAPPER_EXTENSION = prefPane;
			};
			name = Debug;
		};
		850529DB1F17B764000E34E2 /* Release */ = {
			isa = XCBuildConfiguration;
			buildSettings = {
				ALWAYS_EMBED_SWIFT_STANDARD_LIBRARIES = YES;
				CLANG_CXX_LANGUAGE_STANDARD = "gnu++14";
				CLANG_ENABLE_MODULES = YES;
				CLANG_WARN_BLOCK_CAPTURE_AUTORELEASING = YES;
				CLANG_WARN_COMMA = YES;
				CLANG_WARN_NON_LITERAL_NULL_CONVERSION = YES;
				CLANG_WARN_OBJC_LITERAL_CONVERSION = YES;
				CLANG_WARN_RANGE_LOOP_ANALYSIS = YES;
				CLANG_WARN_STRICT_PROTOTYPES = YES;
				CLANG_WARN_UNGUARDED_AVAILABILITY = YES_AGGRESSIVE;
				CODE_SIGN_IDENTITY = "Mac Developer";
				COMBINE_HIDPI_IMAGES = YES;
				DEVELOPMENT_TEAM = 3DZ38T823P;
				GCC_C_LANGUAGE_STANDARD = gnu11;
				INFOPLIST_FILE = "$(SRCROOT)/AutopodsPane/Info.plist";
				INSTALL_PATH = "$(HOME)/Library/PreferencePanes";
				LD_RUNPATH_SEARCH_PATHS = "$(inherited) @executable_path/../Frameworks @loader_path/../Frameworks";
				PRODUCT_BUNDLE_IDENTIFIER = de.piay.CocoapodsPane;
				PRODUCT_NAME = "$(TARGET_NAME)";
				SWIFT_OBJC_BRIDGING_HEADER = "AutopodsPane/AutopodsPane-Bridging-Header.h";
				SWIFT_VERSION = 4.0;
				WRAPPER_EXTENSION = prefPane;
			};
			name = Release;
		};
		851CD1211F15103A00524C2A /* Debug */ = {
			isa = XCBuildConfiguration;
			buildSettings = {
				ALWAYS_SEARCH_USER_PATHS = NO;
				CLANG_ANALYZER_NONNULL = YES;
				CLANG_ANALYZER_NUMBER_OBJECT_CONVERSION = YES_AGGRESSIVE;
				CLANG_CXX_LANGUAGE_STANDARD = "gnu++0x";
				CLANG_CXX_LIBRARY = "libc++";
				CLANG_ENABLE_MODULES = YES;
				CLANG_ENABLE_OBJC_ARC = YES;
				CLANG_WARN_BOOL_CONVERSION = YES;
				CLANG_WARN_CONSTANT_CONVERSION = YES;
				CLANG_WARN_DIRECT_OBJC_ISA_USAGE = YES_ERROR;
				CLANG_WARN_DOCUMENTATION_COMMENTS = YES;
				CLANG_WARN_EMPTY_BODY = YES;
				CLANG_WARN_ENUM_CONVERSION = YES;
				CLANG_WARN_INFINITE_RECURSION = YES;
				CLANG_WARN_INT_CONVERSION = YES;
				CLANG_WARN_OBJC_ROOT_CLASS = YES_ERROR;
				CLANG_WARN_SUSPICIOUS_MOVE = YES;
				CLANG_WARN_UNREACHABLE_CODE = YES;
				CLANG_WARN__DUPLICATE_METHOD_MATCH = YES;
				CODE_SIGN_IDENTITY = "-";
				COPY_PHASE_STRIP = NO;
				DEBUG_INFORMATION_FORMAT = dwarf;
				ENABLE_STRICT_OBJC_MSGSEND = YES;
				ENABLE_TESTABILITY = YES;
				GCC_C_LANGUAGE_STANDARD = gnu99;
				GCC_DYNAMIC_NO_PIC = NO;
				GCC_NO_COMMON_BLOCKS = YES;
				GCC_OPTIMIZATION_LEVEL = 0;
				GCC_PREPROCESSOR_DEFINITIONS = (
					"DEBUG=1",
					"$(inherited)",
				);
				GCC_WARN_64_TO_32_BIT_CONVERSION = YES;
				GCC_WARN_ABOUT_RETURN_TYPE = YES_ERROR;
				GCC_WARN_UNDECLARED_SELECTOR = YES;
				GCC_WARN_UNINITIALIZED_AUTOS = YES_AGGRESSIVE;
				GCC_WARN_UNUSED_FUNCTION = YES;
				GCC_WARN_UNUSED_VARIABLE = YES;
				MACOSX_DEPLOYMENT_TARGET = 10.13;
				MTL_ENABLE_DEBUG_INFO = YES;
				ONLY_ACTIVE_ARCH = YES;
				SDKROOT = macosx;
				SWIFT_ACTIVE_COMPILATION_CONDITIONS = DEBUG;
				SWIFT_OPTIMIZATION_LEVEL = "-Onone";
				SWIFT_VERSION = 4.0;
			};
			name = Debug;
		};
		851CD1221F15103A00524C2A /* Release */ = {
			isa = XCBuildConfiguration;
			buildSettings = {
				ALWAYS_SEARCH_USER_PATHS = NO;
				CLANG_ANALYZER_NONNULL = YES;
				CLANG_ANALYZER_NUMBER_OBJECT_CONVERSION = YES_AGGRESSIVE;
				CLANG_CXX_LANGUAGE_STANDARD = "gnu++0x";
				CLANG_CXX_LIBRARY = "libc++";
				CLANG_ENABLE_MODULES = YES;
				CLANG_ENABLE_OBJC_ARC = YES;
				CLANG_WARN_BOOL_CONVERSION = YES;
				CLANG_WARN_CONSTANT_CONVERSION = YES;
				CLANG_WARN_DIRECT_OBJC_ISA_USAGE = YES_ERROR;
				CLANG_WARN_DOCUMENTATION_COMMENTS = YES;
				CLANG_WARN_EMPTY_BODY = YES;
				CLANG_WARN_ENUM_CONVERSION = YES;
				CLANG_WARN_INFINITE_RECURSION = YES;
				CLANG_WARN_INT_CONVERSION = YES;
				CLANG_WARN_OBJC_ROOT_CLASS = YES_ERROR;
				CLANG_WARN_SUSPICIOUS_MOVE = YES;
				CLANG_WARN_UNREACHABLE_CODE = YES;
				CLANG_WARN__DUPLICATE_METHOD_MATCH = YES;
				CODE_SIGN_IDENTITY = "-";
				COPY_PHASE_STRIP = NO;
				DEBUG_INFORMATION_FORMAT = "dwarf-with-dsym";
				ENABLE_NS_ASSERTIONS = NO;
				ENABLE_STRICT_OBJC_MSGSEND = YES;
				GCC_C_LANGUAGE_STANDARD = gnu99;
				GCC_NO_COMMON_BLOCKS = YES;
				GCC_WARN_64_TO_32_BIT_CONVERSION = YES;
				GCC_WARN_ABOUT_RETURN_TYPE = YES_ERROR;
				GCC_WARN_UNDECLARED_SELECTOR = YES;
				GCC_WARN_UNINITIALIZED_AUTOS = YES_AGGRESSIVE;
				GCC_WARN_UNUSED_FUNCTION = YES;
				GCC_WARN_UNUSED_VARIABLE = YES;
				MACOSX_DEPLOYMENT_TARGET = 10.13;
				MTL_ENABLE_DEBUG_INFO = NO;
				SDKROOT = macosx;
				SWIFT_OPTIMIZATION_LEVEL = "-Owholemodule";
				SWIFT_VERSION = 4.0;
			};
			name = Release;
		};
		851CD1241F15103A00524C2A /* Debug */ = {
			isa = XCBuildConfiguration;
			buildSettings = {
				ASSETCATALOG_COMPILER_APPICON_NAME = AppIcon;
				COMBINE_HIDPI_IMAGES = YES;
				DEVELOPMENT_TEAM = 3DZ38T823P;
				INFOPLIST_FILE = "$(SRCROOT)/Autopods/Info.plist";
				LD_RUNPATH_SEARCH_PATHS = "$(inherited) @executable_path/../Frameworks";
				PRODUCT_BUNDLE_IDENTIFIER = de.piay.Cocoapods;
				PRODUCT_NAME = "$(TARGET_NAME)";
			};
			name = Debug;
		};
		851CD1251F15103A00524C2A /* Release */ = {
			isa = XCBuildConfiguration;
			buildSettings = {
				ASSETCATALOG_COMPILER_APPICON_NAME = AppIcon;
				COMBINE_HIDPI_IMAGES = YES;
				DEVELOPMENT_TEAM = 3DZ38T823P;
				INFOPLIST_FILE = "$(SRCROOT)/Autopods/Info.plist";
				LD_RUNPATH_SEARCH_PATHS = "$(inherited) @executable_path/../Frameworks";
				PRODUCT_BUNDLE_IDENTIFIER = de.piay.Cocoapods;
				PRODUCT_NAME = "$(TARGET_NAME)";
			};
			name = Release;
		};
/* End XCBuildConfiguration section */

/* Begin XCConfigurationList section */
		850529DC1F17B764000E34E2 /* Build configuration list for PBXNativeTarget "AutopodsPane" */ = {
			isa = XCConfigurationList;
			buildConfigurations = (
				850529DA1F17B764000E34E2 /* Debug */,
				850529DB1F17B764000E34E2 /* Release */,
			);
			defaultConfigurationIsVisible = 0;
			defaultConfigurationName = Release;
		};
		851CD10F1F15103A00524C2A /* Build configuration list for PBXProject "Autopods" */ = {
			isa = XCConfigurationList;
			buildConfigurations = (
				851CD1211F15103A00524C2A /* Debug */,
				851CD1221F15103A00524C2A /* Release */,
			);
			defaultConfigurationIsVisible = 0;
			defaultConfigurationName = Release;
		};
		851CD1231F15103A00524C2A /* Build configuration list for PBXNativeTarget "Autopods" */ = {
			isa = XCConfigurationList;
			buildConfigurations = (
				851CD1241F15103A00524C2A /* Debug */,
				851CD1251F15103A00524C2A /* Release */,
			);
			defaultConfigurationIsVisible = 0;
			defaultConfigurationName = Release;
		};
/* End XCConfigurationList section */
	};
	rootObject = 851CD10C1F15103A00524C2A /* Project object */;
}
