// !$*UTF8*$!
{
	archiveVersion = 1;
	classes = {
	};
	objectVersion = 46;
	objects = {

/* Begin PBXBuildFile section */
		851CD1181F15103A00524C2A /* AppDelegate.swift in Sources */ = {isa = PBXBuildFile; fileRef = 851CD1171F15103A00524C2A /* AppDelegate.swift */; };
		851CD11A1F15103A00524C2A /* PodfilesViewController.swift in Sources */ = {isa = PBXBuildFile; fileRef = 851CD1191F15103A00524C2A /* PodfilesViewController.swift */; };
		851CD11C1F15103A00524C2A /* Assets.xcassets in Resources */ = {isa = PBXBuildFile; fileRef = 851CD11B1F15103A00524C2A /* Assets.xcassets */; };
		851CD11F1F15103A00524C2A /* Main.storyboard in Resources */ = {isa = PBXBuildFile; fileRef = 851CD11D1F15103A00524C2A /* Main.storyboard */; };
		85773AB51F164548001B8083 /* CocoapodsPane.h in Headers */ = {isa = PBXBuildFile; fileRef = 85773AB41F164548001B8083 /* CocoapodsPane.h */; };
		85773AB71F164548001B8083 /* CocoapodsPane.m in Sources */ = {isa = PBXBuildFile; fileRef = 85773AB61F164548001B8083 /* CocoapodsPane.m */; };
		85773AB91F164548001B8083 /* CocoapodsPane.tiff in Resources */ = {isa = PBXBuildFile; fileRef = 85773AB81F164548001B8083 /* CocoapodsPane.tiff */; };
		85773ABC1F164548001B8083 /* CocoapodsPane.xib in Resources */ = {isa = PBXBuildFile; fileRef = 85773ABA1F164548001B8083 /* CocoapodsPane.xib */; };
		85773AC41F1672AA001B8083 /* FileWatcher.swift in Sources */ = {isa = PBXBuildFile; fileRef = 85773AC31F1672AA001B8083 /* FileWatcher.swift */; };
		85773AC61F16745C001B8083 /* FileWatchService.swift in Sources */ = {isa = PBXBuildFile; fileRef = 85773AC51F16745C001B8083 /* FileWatchService.swift */; };
		85773AC81F167500001B8083 /* Serivces.swift in Sources */ = {isa = PBXBuildFile; fileRef = 85773AC71F167500001B8083 /* Serivces.swift */; };
		85773ACA1F16769E001B8083 /* CocoapodsService.swift in Sources */ = {isa = PBXBuildFile; fileRef = 85773AC91F16769E001B8083 /* CocoapodsService.swift */; };
		85773ACC1F1676ED001B8083 /* CoordinatorService.swift in Sources */ = {isa = PBXBuildFile; fileRef = 85773ACB1F1676ED001B8083 /* CoordinatorService.swift */; };
		85773ACE1F167B06001B8083 /* FileWatch.swift in Sources */ = {isa = PBXBuildFile; fileRef = 85773ACD1F167B06001B8083 /* FileWatch.swift */; };
		85B8BEBB1F15145800B1B4EE /* CocoapodViewItem.swift in Sources */ = {isa = PBXBuildFile; fileRef = 85B8BEBA1F15145800B1B4EE /* CocoapodViewItem.swift */; };
		85B8BEBD1F15193600B1B4EE /* CocoapodViewItem.xib in Resources */ = {isa = PBXBuildFile; fileRef = 85B8BEBC1F15193600B1B4EE /* CocoapodViewItem.xib */; };
		85B8BEBF1F151C1300B1B4EE /* ListLayout.swift in Sources */ = {isa = PBXBuildFile; fileRef = 85B8BEBE1F151C1300B1B4EE /* ListLayout.swift */; };
		85B8BEC11F1525BB00B1B4EE /* Podfile.swift in Sources */ = {isa = PBXBuildFile; fileRef = 85B8BEC01F1525BB00B1B4EE /* Podfile.swift */; };
		85B8BEC31F1525C600B1B4EE /* PodfilesService.swift in Sources */ = {isa = PBXBuildFile; fileRef = 85B8BEC21F1525C600B1B4EE /* PodfilesService.swift */; };
		85B8BEC51F15292000B1B4EE /* FilesCollectionView.swift in Sources */ = {isa = PBXBuildFile; fileRef = 85B8BEC41F15292000B1B4EE /* FilesCollectionView.swift */; };
/* End PBXBuildFile section */

/* Begin PBXFileReference section */
		851CD1141F15103A00524C2A /* Cocoapods.app */ = {isa = PBXFileReference; explicitFileType = wrapper.application; includeInIndex = 0; path = Cocoapods.app; sourceTree = BUILT_PRODUCTS_DIR; };
		851CD1171F15103A00524C2A /* AppDelegate.swift */ = {isa = PBXFileReference; lastKnownFileType = sourcecode.swift; path = AppDelegate.swift; sourceTree = "<group>"; };
		851CD1191F15103A00524C2A /* PodfilesViewController.swift */ = {isa = PBXFileReference; lastKnownFileType = sourcecode.swift; path = PodfilesViewController.swift; sourceTree = "<group>"; };
		851CD11B1F15103A00524C2A /* Assets.xcassets */ = {isa = PBXFileReference; lastKnownFileType = folder.assetcatalog; path = Assets.xcassets; sourceTree = "<group>"; };
		851CD11E1F15103A00524C2A /* Base */ = {isa = PBXFileReference; lastKnownFileType = file.storyboard; name = Base; path = Base.lproj/Main.storyboard; sourceTree = "<group>"; };
		851CD1201F15103A00524C2A /* Info.plist */ = {isa = PBXFileReference; lastKnownFileType = text.plist.xml; path = Info.plist; sourceTree = "<group>"; };
		85773AB21F164548001B8083 /* CocoapodsPane.prefPane */ = {isa = PBXFileReference; explicitFileType = wrapper.cfbundle; includeInIndex = 0; path = CocoapodsPane.prefPane; sourceTree = BUILT_PRODUCTS_DIR; };
		85773AB41F164548001B8083 /* CocoapodsPane.h */ = {isa = PBXFileReference; lastKnownFileType = sourcecode.c.h; path = CocoapodsPane.h; sourceTree = "<group>"; };
		85773AB61F164548001B8083 /* CocoapodsPane.m */ = {isa = PBXFileReference; lastKnownFileType = sourcecode.c.objc; path = CocoapodsPane.m; sourceTree = "<group>"; };
		85773AB81F164548001B8083 /* CocoapodsPane.tiff */ = {isa = PBXFileReference; lastKnownFileType = image.tiff; path = CocoapodsPane.tiff; sourceTree = "<group>"; };
		85773ABB1F164548001B8083 /* Base */ = {isa = PBXFileReference; lastKnownFileType = file.xib; name = Base; path = Base.lproj/CocoapodsPane.xib; sourceTree = "<group>"; };
		85773ABD1F164548001B8083 /* Info.plist */ = {isa = PBXFileReference; lastKnownFileType = text.plist.xml; path = Info.plist; sourceTree = "<group>"; };
		85773AC31F1672AA001B8083 /* FileWatcher.swift */ = {isa = PBXFileReference; lastKnownFileType = sourcecode.swift; path = FileWatcher.swift; sourceTree = "<group>"; };
		85773AC51F16745C001B8083 /* FileWatchService.swift */ = {isa = PBXFileReference; lastKnownFileType = sourcecode.swift; path = FileWatchService.swift; sourceTree = "<group>"; };
		85773AC71F167500001B8083 /* Serivces.swift */ = {isa = PBXFileReference; lastKnownFileType = sourcecode.swift; path = Serivces.swift; sourceTree = "<group>"; };
		85773AC91F16769E001B8083 /* CocoapodsService.swift */ = {isa = PBXFileReference; lastKnownFileType = sourcecode.swift; path = CocoapodsService.swift; sourceTree = "<group>"; };
		85773ACB1F1676ED001B8083 /* CoordinatorService.swift */ = {isa = PBXFileReference; lastKnownFileType = sourcecode.swift; path = CoordinatorService.swift; sourceTree = "<group>"; };
		85773ACD1F167B06001B8083 /* FileWatch.swift */ = {isa = PBXFileReference; fileEncoding = 4; lastKnownFileType = sourcecode.swift; path = FileWatch.swift; sourceTree = "<group>"; };
		85B8BEBA1F15145800B1B4EE /* CocoapodViewItem.swift */ = {isa = PBXFileReference; lastKnownFileType = sourcecode.swift; path = CocoapodViewItem.swift; sourceTree = "<group>"; };
		85B8BEBC1F15193600B1B4EE /* CocoapodViewItem.xib */ = {isa = PBXFileReference; lastKnownFileType = file.xib; path = CocoapodViewItem.xib; sourceTree = "<group>"; };
		85B8BEBE1F151C1300B1B4EE /* ListLayout.swift */ = {isa = PBXFileReference; lastKnownFileType = sourcecode.swift; path = ListLayout.swift; sourceTree = "<group>"; };
		85B8BEC01F1525BB00B1B4EE /* Podfile.swift */ = {isa = PBXFileReference; lastKnownFileType = sourcecode.swift; path = Podfile.swift; sourceTree = "<group>"; };
		85B8BEC21F1525C600B1B4EE /* PodfilesService.swift */ = {isa = PBXFileReference; lastKnownFileType = sourcecode.swift; path = PodfilesService.swift; sourceTree = "<group>"; };
		85B8BEC41F15292000B1B4EE /* FilesCollectionView.swift */ = {isa = PBXFileReference; lastKnownFileType = sourcecode.swift; path = FilesCollectionView.swift; sourceTree = "<group>"; };
/* End PBXFileReference section */

/* Begin PBXFrameworksBuildPhase section */
		851CD1111F15103A00524C2A /* Frameworks */ = {
			isa = PBXFrameworksBuildPhase;
			buildActionMask = 2147483647;
			files = (
			);
			runOnlyForDeploymentPostprocessing = 0;
		};
		85773AAE1F164548001B8083 /* Frameworks */ = {
			isa = PBXFrameworksBuildPhase;
			buildActionMask = 2147483647;
			files = (
			);
			runOnlyForDeploymentPostprocessing = 0;
		};
/* End PBXFrameworksBuildPhase section */

/* Begin PBXGroup section */
		851CD10B1F15103A00524C2A = {
			isa = PBXGroup;
			children = (
				851CD1161F15103A00524C2A /* Cocoapods */,
				85773AB31F164548001B8083 /* CocoapodsPane */,
				851CD1151F15103A00524C2A /* Products */,
			);
			sourceTree = "<group>";
		};
		851CD1151F15103A00524C2A /* Products */ = {
			isa = PBXGroup;
			children = (
				851CD1141F15103A00524C2A /* Cocoapods.app */,
				85773AB21F164548001B8083 /* CocoapodsPane.prefPane */,
			);
			name = Products;
			sourceTree = "<group>";
		};
		851CD1161F15103A00524C2A /* Cocoapods */ = {
			isa = PBXGroup;
			children = (
				851CD1171F15103A00524C2A /* AppDelegate.swift */,
				85773AD11F17554A001B8083 /* Controller */,
				85773ACF1F175518001B8083 /* Services */,
				85773AD41F1755A5001B8083 /* Views */,
				85773AD01F175540001B8083 /* Models */,
				85773AD21F17556C001B8083 /* Utilities */,
				85773AD31F175591001B8083 /* Cells */,
				851CD11B1F15103A00524C2A /* Assets.xcassets */,
				851CD11D1F15103A00524C2A /* Main.storyboard */,
				851CD1201F15103A00524C2A /* Info.plist */,
			);
			path = Cocoapods;
			sourceTree = "<group>";
		};
		85773AB31F164548001B8083 /* CocoapodsPane */ = {
			isa = PBXGroup;
			children = (
				85773AB41F164548001B8083 /* CocoapodsPane.h */,
				85773AB61F164548001B8083 /* CocoapodsPane.m */,
				85773AB81F164548001B8083 /* CocoapodsPane.tiff */,
				85773ABA1F164548001B8083 /* CocoapodsPane.xib */,
				85773ABD1F164548001B8083 /* Info.plist */,
			);
			path = CocoapodsPane;
			sourceTree = "<group>";
		};
		85773ACF1F175518001B8083 /* Services */ = {
			isa = PBXGroup;
			children = (
				85773AC71F167500001B8083 /* Serivces.swift */,
				85773AC51F16745C001B8083 /* FileWatchService.swift */,
				85B8BEC21F1525C600B1B4EE /* PodfilesService.swift */,
				85773ACB1F1676ED001B8083 /* CoordinatorService.swift */,
				85773AC91F16769E001B8083 /* CocoapodsService.swift */,
			);
			path = Services;
			sourceTree = "<group>";
		};
		85773AD01F175540001B8083 /* Models */ = {
			isa = PBXGroup;
			children = (
				85B8BEC01F1525BB00B1B4EE /* Podfile.swift */,
			);
			path = Models;
			sourceTree = "<group>";
		};
		85773AD11F17554A001B8083 /* Controller */ = {
			isa = PBXGroup;
			children = (
				851CD1191F15103A00524C2A /* PodfilesViewController.swift */,
			);
			path = Controller;
			sourceTree = "<group>";
		};
		85773AD21F17556C001B8083 /* Utilities */ = {
			isa = PBXGroup;
			children = (
				85B8BEBE1F151C1300B1B4EE /* ListLayout.swift */,
				85773AC31F1672AA001B8083 /* FileWatcher.swift */,
				85773ACD1F167B06001B8083 /* FileWatch.swift */,
			);
			path = Utilities;
			sourceTree = "<group>";
		};
		85773AD31F175591001B8083 /* Cells */ = {
			isa = PBXGroup;
			children = (
				85B8BEBC1F15193600B1B4EE /* CocoapodViewItem.xib */,
				85B8BEBA1F15145800B1B4EE /* CocoapodViewItem.swift */,
			);
			path = Cells;
			sourceTree = "<group>";
		};
		85773AD41F1755A5001B8083 /* Views */ = {
			isa = PBXGroup;
			children = (
				85B8BEC41F15292000B1B4EE /* FilesCollectionView.swift */,
			);
			path = Views;
			sourceTree = "<group>";
		};
/* End PBXGroup section */

/* Begin PBXHeadersBuildPhase section */
		85773AAF1F164548001B8083 /* Headers */ = {
			isa = PBXHeadersBuildPhase;
			buildActionMask = 2147483647;
			files = (
				85773AB51F164548001B8083 /* CocoapodsPane.h in Headers */,
			);
			runOnlyForDeploymentPostprocessing = 0;
		};
/* End PBXHeadersBuildPhase section */

/* Begin PBXNativeTarget section */
		851CD1131F15103A00524C2A /* Cocoapods */ = {
			isa = PBXNativeTarget;
			buildConfigurationList = 851CD1231F15103A00524C2A /* Build configuration list for PBXNativeTarget "Cocoapods" */;
			buildPhases = (
				851CD1101F15103A00524C2A /* Sources */,
				851CD1111F15103A00524C2A /* Frameworks */,
				851CD1121F15103A00524C2A /* Resources */,
			);
			buildRules = (
			);
			dependencies = (
			);
			name = Cocoapods;
			productName = Cocoapods;
			productReference = 851CD1141F15103A00524C2A /* Cocoapods.app */;
			productType = "com.apple.product-type.application";
		};
		85773AB11F164548001B8083 /* CocoapodsPane */ = {
			isa = PBXNativeTarget;
			buildConfigurationList = 85773AC01F164548001B8083 /* Build configuration list for PBXNativeTarget "CocoapodsPane" */;
			buildPhases = (
				85773AAD1F164548001B8083 /* Sources */,
				85773AAE1F164548001B8083 /* Frameworks */,
				85773AAF1F164548001B8083 /* Headers */,
				85773AB01F164548001B8083 /* Resources */,
			);
			buildRules = (
			);
			dependencies = (
			);
			name = CocoapodsPane;
			productName = CocoapodsPane;
			productReference = 85773AB21F164548001B8083 /* CocoapodsPane.prefPane */;
			productType = "com.apple.product-type.bundle";
		};
/* End PBXNativeTarget section */

/* Begin PBXProject section */
		851CD10C1F15103A00524C2A /* Project object */ = {
			isa = PBXProject;
			attributes = {
				LastSwiftUpdateCheck = 0830;
				LastUpgradeCheck = 0830;
				ORGANIZATIONNAME = piay;
				TargetAttributes = {
					851CD1131F15103A00524C2A = {
						CreatedOnToolsVersion = 8.3.3;
						DevelopmentTeam = 3DZ38T823P;
						ProvisioningStyle = Automatic;
					};
					85773AB11F164548001B8083 = {
						CreatedOnToolsVersion = 9.0;
						DevelopmentTeam = 3DZ38T823P;
					};
				};
			};
			buildConfigurationList = 851CD10F1F15103A00524C2A /* Build configuration list for PBXProject "Cocoapods" */;
			compatibilityVersion = "Xcode 3.2";
			developmentRegion = English;
			hasScannedForEncodings = 0;
			knownRegions = (
				en,
				Base,
			);
			mainGroup = 851CD10B1F15103A00524C2A;
			productRefGroup = 851CD1151F15103A00524C2A /* Products */;
			projectDirPath = "";
			projectRoot = "";
			targets = (
				851CD1131F15103A00524C2A /* Cocoapods */,
				85773AB11F164548001B8083 /* CocoapodsPane */,
			);
		};
/* End PBXProject section */

/* Begin PBXResourcesBuildPhase section */
		851CD1121F15103A00524C2A /* Resources */ = {
			isa = PBXResourcesBuildPhase;
			buildActionMask = 2147483647;
			files = (
				85B8BEBD1F15193600B1B4EE /* CocoapodViewItem.xib in Resources */,
				851CD11C1F15103A00524C2A /* Assets.xcassets in Resources */,
				851CD11F1F15103A00524C2A /* Main.storyboard in Resources */,
			);
			runOnlyForDeploymentPostprocessing = 0;
		};
		85773AB01F164548001B8083 /* Resources */ = {
			isa = PBXResourcesBuildPhase;
			buildActionMask = 2147483647;
			files = (
				85773AB91F164548001B8083 /* CocoapodsPane.tiff in Resources */,
				85773ABC1F164548001B8083 /* CocoapodsPane.xib in Resources */,
			);
			runOnlyForDeploymentPostprocessing = 0;
		};
/* End PBXResourcesBuildPhase section */

/* Begin PBXSourcesBuildPhase section */
		851CD1101F15103A00524C2A /* Sources */ = {
			isa = PBXSourcesBuildPhase;
			buildActionMask = 2147483647;
			files = (
				85B8BEBB1F15145800B1B4EE /* CocoapodViewItem.swift in Sources */,
				85B8BEC51F15292000B1B4EE /* FilesCollectionView.swift in Sources */,
				85B8BEC11F1525BB00B1B4EE /* Podfile.swift in Sources */,
				85B8BEBF1F151C1300B1B4EE /* ListLayout.swift in Sources */,
				851CD11A1F15103A00524C2A /* PodfilesViewController.swift in Sources */,
				85773ACA1F16769E001B8083 /* CocoapodsService.swift in Sources */,
				85773AC41F1672AA001B8083 /* FileWatcher.swift in Sources */,
				851CD1181F15103A00524C2A /* AppDelegate.swift in Sources */,
				85773AC81F167500001B8083 /* Serivces.swift in Sources */,
				85773ACE1F167B06001B8083 /* FileWatch.swift in Sources */,
				85B8BEC31F1525C600B1B4EE /* PodfilesService.swift in Sources */,
				85773AC61F16745C001B8083 /* FileWatchService.swift in Sources */,
				85773ACC1F1676ED001B8083 /* CoordinatorService.swift in Sources */,
			);
			runOnlyForDeploymentPostprocessing = 0;
		};
		85773AAD1F164548001B8083 /* Sources */ = {
			isa = PBXSourcesBuildPhase;
			buildActionMask = 2147483647;
			files = (
				85773AB71F164548001B8083 /* CocoapodsPane.m in Sources */,
			);
			runOnlyForDeploymentPostprocessing = 0;
		};
/* End PBXSourcesBuildPhase section */

/* Begin PBXVariantGroup section */
		851CD11D1F15103A00524C2A /* Main.storyboard */ = {
			isa = PBXVariantGroup;
			children = (
				851CD11E1F15103A00524C2A /* Base */,
			);
			name = Main.storyboard;
			sourceTree = "<group>";
		};
		85773ABA1F164548001B8083 /* CocoapodsPane.xib */ = {
			isa = PBXVariantGroup;
			children = (
				85773ABB1F164548001B8083 /* Base */,
			);
			name = CocoapodsPane.xib;
			sourceTree = "<group>";
		};
/* End PBXVariantGroup section */

/* Begin XCBuildConfiguration section */
		851CD1211F15103A00524C2A /* Debug */ = {
			isa = XCBuildConfiguration;
			buildSettings = {
				ALWAYS_SEARCH_USER_PATHS = NO;
				CLANG_ANALYZER_NONNULL = YES;
				CLANG_ANALYZER_NUMBER_OBJECT_CONVERSION = YES_AGGRESSIVE;
				CLANG_CXX_LANGUAGE_STANDARD = "gnu++0x";
				CLANG_CXX_LIBRARY = "libc++";
				CLANG_ENABLE_MODULES = YES;
				CLANG_ENABLE_OBJC_ARC = YES;
				CLANG_WARN_BOOL_CONVERSION = YES;
				CLANG_WARN_CONSTANT_CONVERSION = YES;
				CLANG_WARN_DIRECT_OBJC_ISA_USAGE = YES_ERROR;
				CLANG_WARN_DOCUMENTATION_COMMENTS = YES;
				CLANG_WARN_EMPTY_BODY = YES;
				CLANG_WARN_ENUM_CONVERSION = YES;
				CLANG_WARN_INFINITE_RECURSION = YES;
				CLANG_WARN_INT_CONVERSION = YES;
				CLANG_WARN_OBJC_ROOT_CLASS = YES_ERROR;
				CLANG_WARN_SUSPICIOUS_MOVE = YES;
				CLANG_WARN_UNREACHABLE_CODE = YES;
				CLANG_WARN__DUPLICATE_METHOD_MATCH = YES;
				CODE_SIGN_IDENTITY = "-";
				COPY_PHASE_STRIP = NO;
				DEBUG_INFORMATION_FORMAT = dwarf;
				ENABLE_STRICT_OBJC_MSGSEND = YES;
				ENABLE_TESTABILITY = YES;
				GCC_C_LANGUAGE_STANDARD = gnu99;
				GCC_DYNAMIC_NO_PIC = NO;
				GCC_NO_COMMON_BLOCKS = YES;
				GCC_OPTIMIZATION_LEVEL = 0;
				GCC_PREPROCESSOR_DEFINITIONS = (
					"DEBUG=1",
					"$(inherited)",
				);
				GCC_WARN_64_TO_32_BIT_CONVERSION = YES;
				GCC_WARN_ABOUT_RETURN_TYPE = YES_ERROR;
				GCC_WARN_UNDECLARED_SELECTOR = YES;
				GCC_WARN_UNINITIALIZED_AUTOS = YES_AGGRESSIVE;
				GCC_WARN_UNUSED_FUNCTION = YES;
				GCC_WARN_UNUSED_VARIABLE = YES;
				MACOSX_DEPLOYMENT_TARGET = 10.12;
				MTL_ENABLE_DEBUG_INFO = YES;
				ONLY_ACTIVE_ARCH = YES;
				SDKROOT = macosx;
				SWIFT_ACTIVE_COMPILATION_CONDITIONS = DEBUG;
				SWIFT_OPTIMIZATION_LEVEL = "-Onone";
				SWIFT_VERSION = 4.0;
			};
			name = Debug;
		};
		851CD1221F15103A00524C2A /* Release */ = {
			isa = XCBuildConfiguration;
			buildSettings = {
				ALWAYS_SEARCH_USER_PATHS = NO;
				CLANG_ANALYZER_NONNULL = YES;
				CLANG_ANALYZER_NUMBER_OBJECT_CONVERSION = YES_AGGRESSIVE;
				CLANG_CXX_LANGUAGE_STANDARD = "gnu++0x";
				CLANG_CXX_LIBRARY = "libc++";
				CLANG_ENABLE_MODULES = YES;
				CLANG_ENABLE_OBJC_ARC = YES;
				CLANG_WARN_BOOL_CONVERSION = YES;
				CLANG_WARN_CONSTANT_CONVERSION = YES;
				CLANG_WARN_DIRECT_OBJC_ISA_USAGE = YES_ERROR;
				CLANG_WARN_DOCUMENTATION_COMMENTS = YES;
				CLANG_WARN_EMPTY_BODY = YES;
				CLANG_WARN_ENUM_CONVERSION = YES;
				CLANG_WARN_INFINITE_RECURSION = YES;
				CLANG_WARN_INT_CONVERSION = YES;
				CLANG_WARN_OBJC_ROOT_CLASS = YES_ERROR;
				CLANG_WARN_SUSPICIOUS_MOVE = YES;
				CLANG_WARN_UNREACHABLE_CODE = YES;
				CLANG_WARN__DUPLICATE_METHOD_MATCH = YES;
				CODE_SIGN_IDENTITY = "-";
				COPY_PHASE_STRIP = NO;
				DEBUG_INFORMATION_FORMAT = "dwarf-with-dsym";
				ENABLE_NS_ASSERTIONS = NO;
				ENABLE_STRICT_OBJC_MSGSEND = YES;
				GCC_C_LANGUAGE_STANDARD = gnu99;
				GCC_NO_COMMON_BLOCKS = YES;
				GCC_WARN_64_TO_32_BIT_CONVERSION = YES;
				GCC_WARN_ABOUT_RETURN_TYPE = YES_ERROR;
				GCC_WARN_UNDECLARED_SELECTOR = YES;
				GCC_WARN_UNINITIALIZED_AUTOS = YES_AGGRESSIVE;
				GCC_WARN_UNUSED_FUNCTION = YES;
				GCC_WARN_UNUSED_VARIABLE = YES;
				MACOSX_DEPLOYMENT_TARGET = 10.12;
				MTL_ENABLE_DEBUG_INFO = NO;
				SDKROOT = macosx;
				SWIFT_OPTIMIZATION_LEVEL = "-Owholemodule";
				SWIFT_VERSION = 4.0;
			};
			name = Release;
		};
		851CD1241F15103A00524C2A /* Debug */ = {
			isa = XCBuildConfiguration;
			buildSettings = {
				ASSETCATALOG_COMPILER_APPICON_NAME = AppIcon;
				COMBINE_HIDPI_IMAGES = YES;
				DEVELOPMENT_TEAM = 3DZ38T823P;
				INFOPLIST_FILE = Cocoapods/Info.plist;
				LD_RUNPATH_SEARCH_PATHS = "$(inherited) @executable_path/../Frameworks";
				PRODUCT_BUNDLE_IDENTIFIER = de.piay.Cocoapods;
				PRODUCT_NAME = "$(TARGET_NAME)";
			};
			name = Debug;
		};
		851CD1251F15103A00524C2A /* Release */ = {
			isa = XCBuildConfiguration;
			buildSettings = {
				ASSETCATALOG_COMPILER_APPICON_NAME = AppIcon;
				COMBINE_HIDPI_IMAGES = YES;
				DEVELOPMENT_TEAM = 3DZ38T823P;
				INFOPLIST_FILE = Cocoapods/Info.plist;
				LD_RUNPATH_SEARCH_PATHS = "$(inherited) @executable_path/../Frameworks";
				PRODUCT_BUNDLE_IDENTIFIER = de.piay.Cocoapods;
				PRODUCT_NAME = "$(TARGET_NAME)";
			};
			name = Release;
		};
		85773ABE1F164548001B8083 /* Debug */ = {
			isa = XCBuildConfiguration;
			buildSettings = {
				CLANG_CXX_LANGUAGE_STANDARD = "gnu++14";
				CLANG_WARN_BLOCK_CAPTURE_AUTORELEASING = YES;
				CLANG_WARN_COMMA = YES;
				CLANG_WARN_NON_LITERAL_NULL_CONVERSION = YES;
				CLANG_WARN_OBJC_LITERAL_CONVERSION = YES;
				CLANG_WARN_RANGE_LOOP_ANALYSIS = YES;
				CLANG_WARN_STRICT_PROTOTYPES = YES;
				CLANG_WARN_UNGUARDED_AVAILABILITY = YES_AGGRESSIVE;
				CODE_SIGN_IDENTITY = "Mac Developer";
				COMBINE_HIDPI_IMAGES = YES;
				DEVELOPMENT_TEAM = 3DZ38T823P;
				GCC_C_LANGUAGE_STANDARD = gnu11;
				INFOPLIST_FILE = CocoapodsPane/Info.plist;
				INSTALL_PATH = "$(HOME)/Library/PreferencePanes";
				PRODUCT_BUNDLE_IDENTIFIER = de.piay.CocoapodsPane;
				PRODUCT_NAME = "$(TARGET_NAME)";
				WRAPPER_EXTENSION = prefPane;
			};
			name = Debug;
		};
		85773ABF1F164548001B8083 /* Release */ = {
			isa = XCBuildConfiguration;
			buildSettings = {
				CLANG_CXX_LANGUAGE_STANDARD = "gnu++14";
				CLANG_WARN_BLOCK_CAPTURE_AUTORELEASING = YES;
				CLANG_WARN_COMMA = YES;
				CLANG_WARN_NON_LITERAL_NULL_CONVERSION = YES;
				CLANG_WARN_OBJC_LITERAL_CONVERSION = YES;
				CLANG_WARN_RANGE_LOOP_ANALYSIS = YES;
				CLANG_WARN_STRICT_PROTOTYPES = YES;
				CLANG_WARN_UNGUARDED_AVAILABILITY = YES_AGGRESSIVE;
				CODE_SIGN_IDENTITY = "Mac Developer";
				COMBINE_HIDPI_IMAGES = YES;
				DEVELOPMENT_TEAM = 3DZ38T823P;
				GCC_C_LANGUAGE_STANDARD = gnu11;
				INFOPLIST_FILE = CocoapodsPane/Info.plist;
				INSTALL_PATH = "$(HOME)/Library/PreferencePanes";
				PRODUCT_BUNDLE_IDENTIFIER = de.piay.CocoapodsPane;
				PRODUCT_NAME = "$(TARGET_NAME)";
				WRAPPER_EXTENSION = prefPane;
			};
			name = Release;
		};
/* End XCBuildConfiguration section */

/* Begin XCConfigurationList section */
		851CD10F1F15103A00524C2A /* Build configuration list for PBXProject "Cocoapods" */ = {
			isa = XCConfigurationList;
			buildConfigurations = (
				851CD1211F15103A00524C2A /* Debug */,
				851CD1221F15103A00524C2A /* Release */,
			);
			defaultConfigurationIsVisible = 0;
			defaultConfigurationName = Release;
		};
		851CD1231F15103A00524C2A /* Build configuration list for PBXNativeTarget "Cocoapods" */ = {
			isa = XCConfigurationList;
			buildConfigurations = (
				851CD1241F15103A00524C2A /* Debug */,
				851CD1251F15103A00524C2A /* Release */,
			);
			defaultConfigurationIsVisible = 0;
			defaultConfigurationName = Release;
		};
		85773AC01F164548001B8083 /* Build configuration list for PBXNativeTarget "CocoapodsPane" */ = {
			isa = XCConfigurationList;
			buildConfigurations = (
				85773ABE1F164548001B8083 /* Debug */,
				85773ABF1F164548001B8083 /* Release */,
			);
			defaultConfigurationIsVisible = 0;
		};
/* End XCConfigurationList section */
	};
	rootObject = 851CD10C1F15103A00524C2A /* Project object */;
}
